
Microsoft Visual Studio Solution File, Format Version 12.00
# Visual Studio 15
VisualStudioVersion = 15.0.26730.12
MinimumVisualStudioVersion = 10.0.40219.1
Project("{FAE04EC0-301F-11D3-BF4B-00C04F79EFBC}") = "260FinalProject_CardManager", "260FinalProject_CardManager\260FinalProject_CardManager.csproj", "{72764DCC-3758-4F4A-B9D4-26D5C9C7A30A}"
EndProject
Global
	GlobalSection(SolutionConfigurationPlatforms) = preSolution
		Debug|Any CPU = Debug|Any CPU
		Release|Any CPU = Release|Any CPU
	EndGlobalSection
	GlobalSection(ProjectConfigurationPlatforms) = postSolution
		{72764DCC-3758-4F4A-B9D4-26D5C9C7A30A}.Debug|Any CPU.ActiveCfg = Debug|Any CPU
		{72764DCC-3758-4F4A-B9D4-26D5C9C7A30A}.Debug|Any CPU.Build.0 = Debug|Any CPU
		{72764DCC-3758-4F4A-B9D4-26D5C9C7A30A}.Release|Any CPU.ActiveCfg = Release|Any CPU
		{72764DCC-3758-4F4A-B9D4-26D5C9C7A30A}.Release|Any CPU.Build.0 = Release|Any CPU
	EndGlobalSection
	GlobalSection(SolutionProperties) = preSolution
		HideSolutionNode = FALSE
	EndGlobalSection
	GlobalSection(ExtensibilityGlobals) = postSolution
		SolutionGuid = {79107059-3D6B-4528-A650-425889FB2A13}
	EndGlobalSection
EndGlobal
